dependencies:
  axios: 0.21.1
  node-fetch: 2.6.1
  pnpm: 5.18.6
lockfileVersion: 5.2
packages:
  /axios/0.21.1:
    dependencies:
      follow-redirects: 1.13.3
    dev: false
    resolution:
      integrity: sha512-dKQiRHxGD9PPRIUNIWvZhPTPpl1rf/OxTYKsqKUDjBwYylTvV7SjSHJb9ratfyzM6wCdLCOYLzs73qpg5c4iGA==
  /follow-redirects/1.13.3:
    dev: false
    engines:
      node: '>=4.0'
    peerDependencies:
      debug: '*'
    peerDependenciesMeta:
      debug:
        optional: true
    resolution:
      integrity: sha512-DUgl6+HDzB0iEptNQEXLx/KhTmDb8tZUHSeLqpnjpknR70H0nC2t9N73BK6fN4hOvJ84pKlIQVQ4k5FFlBedKA==
  /node-fetch/2.6.1:
    dev: false
    engines:
      node: 4.x || >=6.0.0
    resolution:
      integrity: sha512-V4aYg89jEoVRxRb2fJdAg8FHvI7cEyYdVAh94HH0UIK8oJxUfkjlDQN9RbMx+bEjP7+ggMiFRprSti032Oipxw==
  /pnpm/5.18.6:
    dev: false
    engines:
      node: '>=10.16'
    hasBin: true
    resolution:
      integrity: sha512-ONlW1I5CdnyNs2XIMl53h9E8TcOms6QqmKzzIaehagCvrWbz/lqD5UF6DqF14I6JD13MZplB+P5gTkY18BmkUw==
specifiers:
  axios: 0.21.1
  node-fetch: ^2.6.1
  pnpm: ^5.18.6
